
Microsoft Visual Studio Solution File, Format Version 12.00
# Visual Studio Version 17
VisualStudioVersion = 17.6.33723.286
MinimumVisualStudioVersion = 10.0.40219.1
Project("{FAE04EC0-301F-11D3-BF4B-00C04F79EFBC}") = "Basic2DGame", "Basic2DGame.csproj", "{52699120-DA03-42AC-A69F-9D17C6BBB06A}"
EndProject
Global
	GlobalSection(SolutionConfigurationPlatforms) = preSolution
		Debug|Any CPU = Debug|Any CPU
		Release|Any CPU = Release|Any CPU
	EndGlobalSection
	GlobalSection(ProjectConfigurationPlatforms) = postSolution
		{52699120-DA03-42AC-A69F-9D17C6BBB06A}.Debug|Any CPU.ActiveCfg = Debug|Any CPU
		{52699120-DA03-42AC-A69F-9D17C6BBB06A}.Debug|Any CPU.Build.0 = Debug|Any CPU
		{52699120-DA03-42AC-A69F-9D17C6BBB06A}.Release|Any CPU.ActiveCfg = Release|Any CPU
		{52699120-DA03-42AC-A69F-9D17C6BBB06A}.Release|Any CPU.Build.0 = Release|Any CPU
	EndGlobalSection
	GlobalSection(SolutionProperties) = preSolution
		HideSolutionNode = FALSE
	EndGlobalSection
	GlobalSection(ExtensibilityGlobals) = postSolution
		SolutionGuid = {5111144E-EE24-4F55-BA8D-BD83B7CDEE99}
	EndGlobalSection
EndGlobal
